
Microsoft Visual Studio Solution File, Format Version 12.00
# Visual Studio Version 16
VisualStudioVersion = 16.0.29326.143
MinimumVisualStudioVersion = 10.0.40219.1
Project("{FAE04EC0-301F-11D3-BF4B-00C04F79EFBC}") = "Instablogs", "Instablogs.csproj", "{0A248647-E22A-43D2-8D9B-0512E3C4B17F}"
EndProject
Global
	GlobalSection(SolutionConfigurationPlatforms) = preSolution
		Debug|Any CPU = Debug|Any CPU
		Release|Any CPU = Release|Any CPU
	EndGlobalSection
	GlobalSection(ProjectConfigurationPlatforms) = postSolution
		{0A248647-E22A-43D2-8D9B-0512E3C4B17F}.Debug|Any CPU.ActiveCfg = Debug|Any CPU
		{0A248647-E22A-43D2-8D9B-0512E3C4B17F}.Debug|Any CPU.Build.0 = Debug|Any CPU
		{0A248647-E22A-43D2-8D9B-0512E3C4B17F}.Release|Any CPU.ActiveCfg = Release|Any CPU
		{0A248647-E22A-43D2-8D9B-0512E3C4B17F}.Release|Any CPU.Build.0 = Release|Any CPU
	EndGlobalSection
	GlobalSection(SolutionProperties) = preSolution
		HideSolutionNode = FALSE
	EndGlobalSection
	GlobalSection(ExtensibilityGlobals) = postSolution
		SolutionGuid = {8A5CE3B4-2C47-4FD4-A474-77851EB2895C}
	EndGlobalSection
EndGlobal
